
Microsoft Visual Studio Solution File, Format Version 12.00
# Visual Studio Version 16
VisualStudioVersion = 16.0.29806.167
MinimumVisualStudioVersion = 10.0.40219.1
Project("{9A19103F-16F7-4668-BE54-9A1E7A4F7556}") = "DirectoryRenamer", "DirectoryRenamer\DirectoryRenamer.csproj", "{B9B54AF7-2859-4C36-840E-75C5729B1E67}"
EndProject
Project("{9A19103F-16F7-4668-BE54-9A1E7A4F7556}") = "OurOpenSource.TextUnit.HelpViewer", "OurOpenSource_HelpViewer\OurOpenSource.TextUnit.HelpViewer.csproj", "{252211EF-0D36-4829-B42A-CB839A01C419}"
EndProject
Project("{2150E333-8FDC-42A3-9474-1A3956D46DE8}") = "Solution Items", "Solution Items", "{654F138C-2FE1-41C9-BD03-C6A2C26B0009}"
	ProjectSection(SolutionItems) = preProject
		LICENSE = LICENSE
		README.md = README.md
	EndProjectSection
EndProject
Global
	GlobalSection(SolutionConfigurationPlatforms) = preSolution
		Debug|Any CPU = Debug|Any CPU
		Release|Any CPU = Release|Any CPU
	EndGlobalSection
	GlobalSection(ProjectConfigurationPlatforms) = postSolution
		{B9B54AF7-2859-4C36-840E-75C5729B1E67}.Debug|Any CPU.ActiveCfg = Debug|Any CPU
		{B9B54AF7-2859-4C36-840E-75C5729B1E67}.Debug|Any CPU.Build.0 = Debug|Any CPU
		{B9B54AF7-2859-4C36-840E-75C5729B1E67}.Release|Any CPU.ActiveCfg = Release|Any CPU
		{B9B54AF7-2859-4C36-840E-75C5729B1E67}.Release|Any CPU.Build.0 = Release|Any CPU
		{252211EF-0D36-4829-B42A-CB839A01C419}.Debug|Any CPU.ActiveCfg = Debug|Any CPU
		{252211EF-0D36-4829-B42A-CB839A01C419}.Debug|Any CPU.Build.0 = Debug|Any CPU
		{252211EF-0D36-4829-B42A-CB839A01C419}.Release|Any CPU.ActiveCfg = Release|Any CPU
		{252211EF-0D36-4829-B42A-CB839A01C419}.Release|Any CPU.Build.0 = Release|Any CPU
	EndGlobalSection
	GlobalSection(SolutionProperties) = preSolution
		HideSolutionNode = FALSE
	EndGlobalSection
	GlobalSection(ExtensibilityGlobals) = postSolution
		SolutionGuid = {90111E49-C446-4D4A-9ED4-40D059DEDB4C}
	EndGlobalSection
EndGlobal
